{
  "name": "angular-io-example",
  "version": "1.0.0",
  "lockfileVersion": 1,
  "requires": true,
  "dependencies": {
    "@angular/animations": {
      "version": "6.0.6",
      "resolved": "https://registry.npmjs.org/@angular/animations/-/animations-6.0.6.tgz",
      "integrity": "sha512-mJvWn0GuYARJfV9/KNUn5qUc5iNJKMSSNm//pRtUB8n829KnJHLnGpNsr95dzARH5wI3Om/t6hG3M0XCLbIfNQ==",
      "requires": {
        "tslib": "1.9.0"
      }
    },
    "@angular/common": {
      "version": "6.0.6",
      "resolved": "https://registry.npmjs.org/@angular/common/-/common-6.0.6.tgz",
      "integrity": "sha512-SjCrrGNJSeRMtNLv/ug5HpyRUexdNl11TrWCWMeu3ye3ss4k6EnuM9jGB196B0PIm0IbjO0KrpQ8bqBx0/2vqw==",
      "requires": {
        "tslib": "1.9.0"
      }
    },
    "@angular/compiler": {
      "version": "6.0.6",
      "resolved": "https://registry.npmjs.org/@angular/compiler/-/compiler-6.0.6.tgz",
      "integrity": "sha512-lcDNfkYLOWzOOqdD2Kspxwjk3xGs8kVLbq/8uk/aJ96ty8aA9j8Nbf3h53SCY9LuGoJMjOaaUpgwZCszFzqQyA==",
      "requires": {
        "tslib": "1.9.0"
      }
    },
    "@angular/core": {
      "version": "6.0.6",
      "resolved": "https://registry.npmjs.org/@angular/core/-/core-6.0.6.tgz",
      "integrity": "sha512-7J4wuQ5Bss2GmCptyXSfmgWk/IbCFK/MJwaXOpADLB9iWOkOIvKRSTntb4l6j3OVd9boCbs6Z/xW/HT964iMvw==",
      "requires": {
        "tslib": "1.9.0"
      }
    },
    "@angular/forms": {
      "version": "6.0.6",
      "resolved": "https://registry.npmjs.org/@angular/forms/-/forms-6.0.6.tgz",
      "integrity": "sha512-uVcvUz8JzO/R6HtxIUtefjK55nf4gJt9WjVdnjmA66pQe1+aQYscyQu9QFykGfGqta/0luhVSU7J+5g0rIRr/g==",
      "requires": {
        "tslib": "1.9.0"
      }
    },
    "@angular/http": {
      "version": "6.0.6",
      "resolved": "https://registry.npmjs.org/@angular/http/-/http-6.0.6.tgz",
      "integrity": "sha512-ZyY7JS3lQM0HnKfoCJl+S9ZHeQVdG+FefjYE2s7pBKUufaoMo9DTIfQe5ZgSQeXRAFKjuUyJDf1EZlPVVvQzIw==",
      "requires": {
        "tslib": "1.9.0"
      }
    },
    "@angular/platform-browser": {
      "version": "6.0.6",
      "resolved": "https://registry.npmjs.org/@angular/platform-browser/-/platform-browser-6.0.6.tgz",
      "integrity": "sha512-c+2c4Ba8IeIt9CnF1RmJVf/0xwljT9GSIJUC61SLrX01NMwRxDq/LC+tatcBGLzZ6rc1eYmsd1exTHOGfENOxw==",
      "requires": {
        "tslib": "1.9.0"
      }
    },
    "@angular/platform-browser-dynamic": {
      "version": "6.0.6",
      "resolved": "https://registry.npmjs.org/@angular/platform-browser-dynamic/-/platform-browser-dynamic-6.0.6.tgz",
      "integrity": "sha512-t5+dvfcwVaDa5H8qsVnPAvmNJa0rDwJMu1T6kfz8sAxzgiw6tOvIQShJX0Ka94+nPpd4mg7gv43VV705z6ryMA==",
      "requires": {
        "tslib": "1.9.0"
      }
    },
    "@angular/router": {
      "version": "6.0.6",
      "resolved": "https://registry.npmjs.org/@angular/router/-/router-6.0.6.tgz",
      "integrity": "sha512-R49Gh/ate//AloPGjtQ2Nl3HNMT21pumcUoWZEZtYw8UyTbxSKLMc40yzdsldGrKZ/G/CafFTaS1hpZD7MF5/w==",
      "requires": {
        "tslib": "1.9.0"
      }
    },
    "@angular/upgrade": {
      "version": "6.0.6",
      "resolved": "https://registry.npmjs.org/@angular/upgrade/-/upgrade-6.0.6.tgz",
      "integrity": "sha512-WVOc7kAyLJRLfJpGgWHVkQ9bDuVvnMgsnAXyg/AjkHbI9G3V9Qa2COVDsMCQFGYO59x1LaRIDXezOpmNe/RxOQ==",
      "requires": {
        "tslib": "1.9.0"
      }
    },
    "@types/jasmine": {
      "version": "2.8.8",
      "resolved": "https://registry.npmjs.org/@types/jasmine/-/jasmine-2.8.8.tgz",
      "integrity": "sha512-OJSUxLaxXsjjhob2DBzqzgrkLmukM3+JMpRp0r0E4HTdT1nwDCWhaswjYxazPij6uOdzHCJfNbDjmQ1/rnNbCg==",
      "dev": true
    },
    "@types/jasminewd2": {
      "version": "2.0.3",
      "resolved": "https://registry.npmjs.org/@types/jasminewd2/-/jasminewd2-2.0.3.tgz",
      "integrity": "sha512-hYDVmQZT5VA2kigd4H4bv7vl/OhlympwREUemqBdOqtrYTo5Ytm12a5W5/nGgGYdanGVxj0x/VhZ7J3hOg/YKg==",
      "dev": true,
      "requires": {
        "@types/jasmine": "2.8.8"
      }
    },
    "@types/node": {
      "version": "6.0.113",
      "resolved": "https://registry.npmjs.org/@types/node/-/node-6.0.113.tgz",
      "integrity": "sha512-f9XXUWFqryzjkZA1EqFvJHSFyqyasV17fq8zCDIzbRV4ctL7RrJGKvG+lcex86Rjbzd1GrER9h9VmF5sSjV0BQ==",
      "dev": true
    },
    "angular-in-memory-web-api": {
      "version": "0.6.0",
      "resolved": "https://registry.npmjs.org/angular-in-memory-web-api/-/angular-in-memory-web-api-0.6.0.tgz",
      "integrity": "sha512-+i2bH9T/S4gTQdJLt264H4JMKXNpik33pMatSOvPSqFQ0vImnTBVbvijfmy75OgwKPJ8OZw0R76CrLjp2EYX2A=="
    },
    "ansi-regex": {
      "version": "2.1.1",
      "resolved": "https://registry.npmjs.org/ansi-regex/-/ansi-regex-2.1.1.tgz",
      "integrity": "sha1-w7M6te42DYbg5ijwRorn7yfWVN8=",
      "dev": true
    },
    "ansi-styles": {
      "version": "2.2.1",
      "resolved": "https://registry.npmjs.org/ansi-styles/-/ansi-styles-2.2.1.tgz",
      "integrity": "sha1-tDLdM1i2NM914eRmQ2gkBTPB3b4=",
      "dev": true
    },
    "argparse": {
      "version": "1.0.10",
      "resolved": "https://registry.npmjs.org/argparse/-/argparse-1.0.10.tgz",
      "integrity": "sha512-o5Roy6tNG4SL/FOkCAN6RzjiakZS25RLYFrcMttJqbdd8BWrnA+fGz57iN5Pb06pvBGvl5gQ0B48dJlslXvoTg==",
      "dev": true,
      "requires": {
        "sprintf-js": "1.0.3"
      }
    },
    "babel-code-frame": {
      "version": "6.26.0",
      "resolved": "https://registry.npmjs.org/babel-code-frame/-/babel-code-frame-6.26.0.tgz",
      "integrity": "sha1-Y/1D99weO7fONZR9uP42mj9Yx0s=",
      "dev": true,
      "requires": {
        "chalk": "1.1.3",
        "esutils": "2.0.2",
        "js-tokens": "3.0.2"
      },
      "dependencies": {
        "chalk": {
          "version": "1.1.3",
          "resolved": "https://registry.npmjs.org/chalk/-/chalk-1.1.3.tgz",
          "integrity": "sha1-qBFcVeSnAv5NFQq9OHKCKn4J/Jg=",
          "dev": true,
          "requires": {
            "ansi-styles": "2.2.1",
            "escape-string-regexp": "1.0.5",
            "has-ansi": "2.0.0",
            "strip-ansi": "3.0.1",
            "supports-color": "2.0.0"
          }
        }
      }
    },
    "balanced-match": {
      "version": "1.0.0",
      "resolved": "https://registry.npmjs.org/balanced-match/-/balanced-match-1.0.0.tgz",
      "integrity": "sha1-ibTRmasr7kneFk6gK4nORi1xt2c=",
      "dev": true
    },
    "brace-expansion": {
      "version": "1.1.11",
      "resolved": "https://registry.npmjs.org/brace-expansion/-/brace-expansion-1.1.11.tgz",
      "integrity": "sha512-iCuPHDFgrHX7H2vEI/5xpz07zSHB00TpugqhmYtVmMO6518mCuRMoOYFldEBl0g187ufozdaHgWKcYFb61qGiA==",
      "dev": true,
      "requires": {
        "balanced-match": "1.0.0",
        "concat-map": "0.0.1"
      }
    },
    "builtin-modules": {
      "version": "1.1.1",
      "resolved": "https://registry.npmjs.org/builtin-modules/-/builtin-modules-1.1.1.tgz",
      "integrity": "sha1-Jw8HbFpywC9bZaR9+Uxf46J4iS8=",
      "dev": true
    },
    "chalk": {
      "version": "2.4.1",
      "resolved": "https://registry.npmjs.org/chalk/-/chalk-2.4.1.tgz",
      "integrity": "sha512-ObN6h1v2fTJSmUXoS3nMQ92LbDK9be4TV+6G+omQlGJFdcUX5heKi1LZ1YnRMIgwTLEj3E24bT6tYni50rlCfQ==",
      "dev": true,
      "requires": {
        "ansi-styles": "3.2.1",
        "escape-string-regexp": "1.0.5",
        "supports-color": "5.4.0"
      },
      "dependencies": {
        "ansi-styles": {
          "version": "3.2.1",
          "resolved": "https://registry.npmjs.org/ansi-styles/-/ansi-styles-3.2.1.tgz",
          "integrity": "sha512-VT0ZI6kZRdTh8YyJw3SMbYm/u+NqfsAxEpWO0Pf9sq8/e94WxxOpPKx9FR1FlyCtOVDNOQ+8ntlqFxiRc+r5qA==",
          "dev": true,
          "requires": {
            "color-convert": "1.9.2"
          }
        },
        "supports-color": {
          "version": "5.4.0",
          "resolved": "https://registry.npmjs.org/supports-color/-/supports-color-5.4.0.tgz",
          "integrity": "sha512-zjaXglF5nnWpsq470jSv6P9DwPvgLkuapYmfDm3JWOm0vkNTVF2tI4UrN2r6jH1qM/uc/WtxYY1hYoA2dOKj5w==",
          "dev": true,
          "requires": {
            "has-flag": "3.0.0"
          }
        }
      }
    },
    "color-convert": {
      "version": "1.9.2",
      "resolved": "https://registry.npmjs.org/color-convert/-/color-convert-1.9.2.tgz",
      "integrity": "sha512-3NUJZdhMhcdPn8vJ9v2UQJoH0qqoGUkYTgFEPZaPjEtwmmKUfNV46zZmgB2M5M4DCEQHMaCfWHCxiBflLm04Tg==",
      "dev": true,
      "requires": {
        "color-name": "1.1.1"
      }
    },
    "color-name": {
      "version": "1.1.1",
      "resolved": "https://registry.npmjs.org/color-name/-/color-name-1.1.1.tgz",
      "integrity": "sha1-SxQVMEz1ACjqgWQ2Q72C6gWANok=",
      "dev": true
    },
    "colors": {
      "version": "1.1.2",
      "resolved": "https://registry.npmjs.org/colors/-/colors-1.1.2.tgz",
      "integrity": "sha1-FopHAXVran9RoSzgyXv6KMCE7WM=",
      "dev": true
    },
    "commander": {
      "version": "2.15.1",
      "resolved": "https://registry.npmjs.org/commander/-/commander-2.15.1.tgz",
      "integrity": "sha512-VlfT9F3V0v+jr4yxPc5gg9s62/fIVWsd2Bk2iD435um1NlGMYdVCq+MjcXnhYq2icNOizHr1kK+5TI6H0Hy0ag==",
      "dev": true
    },
    "concat-map": {
      "version": "0.0.1",
      "resolved": "https://registry.npmjs.org/concat-map/-/concat-map-0.0.1.tgz",
      "integrity": "sha1-2Klr13/Wjfd5OnMDajug1UBdR3s=",
      "dev": true
    },
    "core-js": {
      "version": "2.5.7",
      "resolved": "https://registry.npmjs.org/core-js/-/core-js-2.5.7.tgz",
      "integrity": "sha512-RszJCAxg/PP6uzXVXL6BsxSXx/B05oJAQ2vkJRjyjrEcNVycaqOmNb5OTxZPE3xa5gwZduqza6L9JOCenh/Ecw=="
    },
    "diff": {
      "version": "3.5.0",
      "resolved": "https://registry.npmjs.org/diff/-/diff-3.5.0.tgz",
      "integrity": "sha512-A46qtFgd+g7pDZinpnwiRJtxbC1hpgf0uzP3iG89scHk0AUC7A1TGxf5OiiOUv/JMZR8GOt8hL900hV0bOy5xA==",
      "dev": true
    },
    "escape-string-regexp": {
      "version": "1.0.5",
      "resolved": "https://registry.npmjs.org/escape-string-regexp/-/escape-string-regexp-1.0.5.tgz",
      "integrity": "sha1-G2HAViGQqN/2rjuyzwIAyhMLhtQ=",
      "dev": true
    },
    "esprima": {
      "version": "4.0.0",
      "resolved": "https://registry.npmjs.org/esprima/-/esprima-4.0.0.tgz",
      "integrity": "sha512-oftTcaMu/EGrEIu904mWteKIv8vMuOgGYo7EhVJJN00R/EED9DCua/xxHRdYnKtcECzVg7xOWhflvJMnqcFZjw==",
      "dev": true
    },
    "esutils": {
      "version": "2.0.2",
      "resolved": "https://registry.npmjs.org/esutils/-/esutils-2.0.2.tgz",
      "integrity": "sha1-Cr9PHKpbyx96nYrMbepPqqBLrJs=",
      "dev": true
    },
    "fs-access": {
      "version": "1.0.1",
      "resolved": "https://registry.npmjs.org/fs-access/-/fs-access-1.0.1.tgz",
      "integrity": "sha1-1qh/JiJxzv6+wwxVNAf7mV2od3o=",
      "dev": true,
      "requires": {
        "null-check": "1.0.0"
      }
    },
    "fs.realpath": {
      "version": "1.0.0",
      "resolved": "https://registry.npmjs.org/fs.realpath/-/fs.realpath-1.0.0.tgz",
      "integrity": "sha1-FQStJSMVjKpA20onh8sBQRmU6k8=",
      "dev": true
    },
    "glob": {
      "version": "7.1.2",
      "resolved": "https://registry.npmjs.org/glob/-/glob-7.1.2.tgz",
      "integrity": "sha512-MJTUg1kjuLeQCJ+ccE4Vpa6kKVXkPYJ2mOCQyUuKLcLQsdrMCpBPUi8qVE6+YuaJkozeA9NusTAw3hLr8Xe5EQ==",
      "dev": true,
      "requires": {
        "fs.realpath": "1.0.0",
        "inflight": "1.0.6",
        "inherits": "2.0.3",
        "minimatch": "3.0.4",
        "once": "1.4.0",
        "path-is-absolute": "1.0.1"
      }
    },
    "has-ansi": {
      "version": "2.0.0",
      "resolved": "https://registry.npmjs.org/has-ansi/-/has-ansi-2.0.0.tgz",
      "integrity": "sha1-NPUEnOHs3ysGSa8+8k5F7TVBbZE=",
      "dev": true,
      "requires": {
        "ansi-regex": "2.1.1"
      }
    },
    "has-flag": {
      "version": "3.0.0",
      "resolved": "https://registry.npmjs.org/has-flag/-/has-flag-3.0.0.tgz",
      "integrity": "sha1-tdRU3CGZriJWmfNGfloH87lVuv0=",
      "dev": true
    },
    "inflight": {
      "version": "1.0.6",
      "resolved": "https://registry.npmjs.org/inflight/-/inflight-1.0.6.tgz",
      "integrity": "sha1-Sb1jMdfQLQwJvJEKEHW6gWW1bfk=",
      "dev": true,
      "requires": {
        "once": "1.4.0",
        "wrappy": "1.0.2"
      }
    },
    "inherits": {
      "version": "2.0.3",
      "resolved": "https://registry.npmjs.org/inherits/-/inherits-2.0.3.tgz",
      "integrity": "sha1-Yzwsg+PaQqUC9SRmAiSA9CCCYd4=",
      "dev": true
    },
    "isexe": {
      "version": "2.0.0",
      "resolved": "https://registry.npmjs.org/isexe/-/isexe-2.0.0.tgz",
      "integrity": "sha1-6PvzdNxVb/iUehDcsFctYz8s+hA=",
      "dev": true
    },
    "jasmine-spec-reporter": {
      "version": "4.2.1",
      "resolved": "https://registry.npmjs.org/jasmine-spec-reporter/-/jasmine-spec-reporter-4.2.1.tgz",
      "integrity": "sha512-FZBoZu7VE5nR7Nilzy+Np8KuVIOxF4oXDPDknehCYBDE080EnlPu0afdZNmpGDBRCUBv3mj5qgqCRmk6W/K8vg==",
      "dev": true,
      "requires": {
        "colors": "1.1.2"
      }
    },
    "js-tokens": {
      "version": "3.0.2",
      "resolved": "https://registry.npmjs.org/js-tokens/-/js-tokens-3.0.2.tgz",
      "integrity": "sha1-mGbfOVECEw449/mWvOtlRDIJwls=",
      "dev": true
    },
    "js-yaml": {
      "version": "3.12.0",
      "resolved": "https://registry.npmjs.org/js-yaml/-/js-yaml-3.12.0.tgz",
      "integrity": "sha512-PIt2cnwmPfL4hKNwqeiuz4bKfnzHTBv6HyVgjahA6mPLwPDzjDWrplJBMjHUFxku/N3FlmrbyPclad+I+4mJ3A==",
      "dev": true,
      "requires": {
        "argparse": "1.0.10",
        "esprima": "4.0.0"
      }
    },
    "karma-chrome-launcher": {
      "version": "2.2.0",
      "resolved": "https://registry.npmjs.org/karma-chrome-launcher/-/karma-chrome-launcher-2.2.0.tgz",
      "integrity": "sha512-uf/ZVpAabDBPvdPdveyk1EPgbnloPvFFGgmRhYLTDH7gEB4nZdSBk8yTU47w1g/drLSx5uMOkjKk7IWKfWg/+w==",
      "dev": true,
      "requires": {
        "fs-access": "1.0.1",
        "which": "1.3.0"
      }
    },
    "karma-jasmine": {
      "version": "1.1.2",
      "resolved": "https://registry.npmjs.org/karma-jasmine/-/karma-jasmine-1.1.2.tgz",
      "integrity": "sha1-OU8rJf+0pkS5rabyLUQ+L9CIhsM=",
      "dev": true
    },
    "karma-jasmine-html-reporter": {
      "version": "0.2.2",
      "resolved": "https://registry.npmjs.org/karma-jasmine-html-reporter/-/karma-jasmine-html-reporter-0.2.2.tgz",
      "integrity": "sha1-SKjl7xiAdhfuK14zwRlMNbQ5Ukw=",
      "dev": true,
      "requires": {
        "karma-jasmine": "1.1.2"
      }
    },
    "lodash": {
      "version": "4.17.10",
      "resolved": "https://registry.npmjs.org/lodash/-/lodash-4.17.10.tgz",
      "integrity": "sha512-UejweD1pDoXu+AD825lWwp4ZGtSwgnpZxb3JDViD7StjQz+Nb/6l093lx4OQ0foGWNRoc19mWy7BzL+UAK2iVg==",
      "dev": true
    },
    "minimatch": {
      "version": "3.0.4",
      "resolved": "https://registry.npmjs.org/minimatch/-/minimatch-3.0.4.tgz",
      "integrity": "sha512-yJHVQEhyqPLUTgt9B83PXu6W3rx4MvvHvSUvToogpwoGDOUQ+yDrR0HRot+yOCdCO7u4hX3pWft6kWBBcqh0UA==",
      "dev": true,
      "requires": {
        "brace-expansion": "1.1.11"
      }
    },
    "null-check": {
      "version": "1.0.0",
      "resolved": "https://registry.npmjs.org/null-check/-/null-check-1.0.0.tgz",
      "integrity": "sha1-l33/1xdgErnsMNKjnbXPcqBDnt0=",
      "dev": true
    },
    "once": {
      "version": "1.4.0",
      "resolved": "https://registry.npmjs.org/once/-/once-1.4.0.tgz",
      "integrity": "sha1-WDsap3WWHUsROsF9nFC6753Xa9E=",
      "dev": true,
      "requires": {
        "wrappy": "1.0.2"
      }
    },
    "path-is-absolute": {
      "version": "1.0.1",
      "resolved": "https://registry.npmjs.org/path-is-absolute/-/path-is-absolute-1.0.1.tgz",
      "integrity": "sha1-F0uSaHNVNP+8es5r9TpanhtcX18=",
      "dev": true
    },
    "path-parse": {
      "version": "1.0.5",
      "resolved": "https://registry.npmjs.org/path-parse/-/path-parse-1.0.5.tgz",
      "integrity": "sha1-PBrfhx6pzWyUMbbqK9dKD/BVxME=",
      "dev": true
    },
    "resolve": {
      "version": "1.8.1",
      "resolved": "https://registry.npmjs.org/resolve/-/resolve-1.8.1.tgz",
      "integrity": "sha512-AicPrAC7Qu1JxPCZ9ZgCZlY35QgFnNqc+0LtbRNxnVw4TXvjQ72wnuL9JQcEBgXkI9JM8MsT9kaQoHcpCRJOYA==",
      "dev": true,
      "requires": {
        "path-parse": "1.0.5"
      }
    },
    "rxjs": {
      "version": "6.0.0-uncanny-rc.7",
      "resolved": "https://registry.npmjs.org/rxjs/-/rxjs-6.0.0-uncanny-rc.7.tgz",
      "integrity": "sha512-mXBJnSpbrotKF83b1sd5uSa7q/J/y99yBArB02l6B1v2QAP18FCn2BwRXfC9O4A+75mfwUAIUWJyLilboF5z2A==",
      "requires": {
        "tslib": "1.9.0"
      }
    },
    "semver": {
      "version": "5.5.0",
      "resolved": "https://registry.npmjs.org/semver/-/semver-5.5.0.tgz",
      "integrity": "sha512-4SJ3dm0WAwWy/NVeioZh5AntkdJoWKxHxcmyP622fOkgHa4z3R0TdBJICINyaSDE6uNwVc8gZr+ZinwZAH4xIA==",
      "dev": true
    },
    "sprintf-js": {
      "version": "1.0.3",
      "resolved": "https://registry.npmjs.org/sprintf-js/-/sprintf-js-1.0.3.tgz",
      "integrity": "sha1-BOaSb2YolTVPPdAVIDYzuFcpfiw=",
      "dev": true
    },
    "strip-ansi": {
      "version": "3.0.1",
      "resolved": "https://registry.npmjs.org/strip-ansi/-/strip-ansi-3.0.1.tgz",
      "integrity": "sha1-ajhfuIU9lS1f8F0Oiq+UJ43GPc8=",
      "dev": true,
      "requires": {
        "ansi-regex": "2.1.1"
      }
    },
    "supports-color": {
      "version": "2.0.0",
      "resolved": "https://registry.npmjs.org/supports-color/-/supports-color-2.0.0.tgz",
      "integrity": "sha1-U10EXOa2Nj+kARcIRimZXp3zJMc=",
      "dev": true
    },
    "tslib": {
      "version": "1.9.0",
      "resolved": "https://registry.npmjs.org/tslib/-/tslib-1.9.0.tgz",
      "integrity": "sha512-f/qGG2tUkrISBlQZEjEqoZ3B2+npJjIf04H1wuAv9iA8i04Icp+61KRXxFdha22670NJopsZCIjhC3SnjPRKrQ=="
    },
    "tslint": {
      "version": "5.10.0",
      "resolved": "https://registry.npmjs.org/tslint/-/tslint-5.10.0.tgz",
      "integrity": "sha1-EeJrzLiK+gLdDZlWyuPUVAtfVMM=",
      "dev": true,
      "requires": {
        "babel-code-frame": "6.26.0",
        "builtin-modules": "1.1.1",
        "chalk": "2.4.1",
        "commander": "2.15.1",
        "diff": "3.5.0",
        "glob": "7.1.2",
        "js-yaml": "3.12.0",
        "minimatch": "3.0.4",
        "resolve": "1.8.1",
        "semver": "5.5.0",
        "tslib": "1.9.0",
        "tsutils": "2.27.1"
      }
    },
    "tsutils": {
      "version": "2.27.1",
      "resolved": "https://registry.npmjs.org/tsutils/-/tsutils-2.27.1.tgz",
      "integrity": "sha512-AE/7uzp32MmaHvNNFES85hhUDHFdFZp6OAiZcd6y4ZKKIg6orJTm8keYWBhIhrJQH3a4LzNKat7ZPXZt5aTf6w==",
      "dev": true,
      "requires": {
        "tslib": "1.9.0"
      }
    },
    "which": {
      "version": "1.3.0",
      "resolved": "https://registry.npmjs.org/which/-/which-1.3.0.tgz",
      "integrity": "sha512-xcJpopdamTuY5duC/KnTTNBraPK54YwpenP4lzxU8H91GudWpFv38u0CKjclE1Wi2EH2EDz5LRcHcKbCIzqGyg==",
      "dev": true,
      "requires": {
        "isexe": "2.0.0"
      }
    },
    "wrappy": {
      "version": "1.0.2",
      "resolved": "https://registry.npmjs.org/wrappy/-/wrappy-1.0.2.tgz",
      "integrity": "sha1-tSQ9jz7BqjXxNkYFvA0QNuMKtp8=",
      "dev": true
    },
    "zone.js": {
      "version": "0.8.26",
      "resolved": "https://registry.npmjs.org/zone.js/-/zone.js-0.8.26.tgz",
      "integrity": "sha512-W9Nj+UmBJG251wkCacIkETgra4QgBo/vgoEkb4a2uoLzpQG7qF9nzwoLXWU5xj3Fg2mxGvEDh47mg24vXccYjA=="
    }
  }
}
